{
  "name": "first-worker",
  "version": "1.0.0",
  "lockfileVersion": 2,
  "requires": true,
  "packages": {
    "": {
      "name": "first-worker",
      "version": "1.0.0",
      "license": "MIT",
      "dependencies": {
        "country-code-emoji": "^2.3.0"
      },
      "devDependencies": {
        "prettier": "^1.18.2"
      }
    },
    "node_modules/country-code-emoji": {
      "version": "2.3.0",
      "resolved": "https://registry.npmjs.org/country-code-emoji/-/country-code-emoji-2.3.0.tgz",
      "integrity": "sha512-MqmIWr3aucoU/3XZU44e0sz6izAlErqaUYp9/NFzdnzb9TrwwornyW3ws2da5TSnpTUr2qP2840oJW9oNKXCoQ=="
    },
    "node_modules/prettier": {
      "version": "1.19.1",
      "resolved": "https://registry.npmjs.org/prettier/-/prettier-1.19.1.tgz",
      "integrity": "sha512-s7PoyDv/II1ObgQunCbB9PdLmUcBZcnWOcxDh7O0N/UwDEsHyqkW+Qh28jW+mVuCdx7gLB0BotYI1Y6uI9iyew==",
      "dev": true,
      "bin": {
        "prettier": "bin-prettier.js"
      },
      "engines": {
        "node": ">=4"
      }
    }
  },
  "dependencies": {
    "country-code-emoji": {
      "version": "2.3.0",
      "resolved": "https://registry.npmjs.org/country-code-emoji/-/country-code-emoji-2.3.0.tgz",
      "integrity": "sha512-MqmIWr3aucoU/3XZU44e0sz6izAlErqaUYp9/NFzdnzb9TrwwornyW3ws2da5TSnpTUr2qP2840oJW9oNKXCoQ=="
    },
    "prettier": {
      "version": "1.19.1",
      "resolved": "https://registry.npmjs.org/prettier/-/prettier-1.19.1.tgz",
      "integrity": "sha512-s7PoyDv/II1ObgQunCbB9PdLmUcBZcnWOcxDh7O0N/UwDEsHyqkW+Qh28jW+mVuCdx7gLB0BotYI1Y6uI9iyew==",
      "dev": true
    }
  }
}
